
Microsoft Visual Studio Solution File, Format Version 12.00
# Visual Studio Version 17
VisualStudioVersion = 17.13.35825.156
MinimumVisualStudioVersion = 10.0.40219.1
Project("{FAE04EC0-301F-11D3-BF4B-00C04F79EFBC}") = "PasswordManager.Client", "PasswordManager.Client\PasswordManager.Client.csproj", "{9D72EEEB-96B8-49E4-AB54-253BA3E1A2A5}"
EndProject
Project("{FAE04EC0-301F-11D3-BF4B-00C04F79EFBC}") = "PasswordManager.DAL", "PasswordManager.DAL\PasswordManager.DAL.csproj", "{C6929EE1-1A84-42EC-AB93-F8A9366C9D36}"
EndProject
Project("{FAE04EC0-301F-11D3-BF4B-00C04F79EFBC}") = "PasswordManager.API", "PasswordManager.API\PasswordManager.API.csproj", "{670D0824-E447-4C30-AD5E-F05E929FD20B}"
EndProject
Global
	GlobalSection(SolutionConfigurationPlatforms) = preSolution
		Debug|Any CPU = Debug|Any CPU
		Release|Any CPU = Release|Any CPU
	EndGlobalSection
	GlobalSection(ProjectConfigurationPlatforms) = postSolution
		{9D72EEEB-96B8-49E4-AB54-253BA3E1A2A5}.Debug|Any CPU.ActiveCfg = Debug|Any CPU
		{9D72EEEB-96B8-49E4-AB54-253BA3E1A2A5}.Debug|Any CPU.Build.0 = Debug|Any CPU
		{9D72EEEB-96B8-49E4-AB54-253BA3E1A2A5}.Debug|Any CPU.Deploy.0 = Debug|Any CPU
		{9D72EEEB-96B8-49E4-AB54-253BA3E1A2A5}.Release|Any CPU.ActiveCfg = Release|Any CPU
		{9D72EEEB-96B8-49E4-AB54-253BA3E1A2A5}.Release|Any CPU.Build.0 = Release|Any CPU
		{C6929EE1-1A84-42EC-AB93-F8A9366C9D36}.Debug|Any CPU.ActiveCfg = Debug|Any CPU
		{C6929EE1-1A84-42EC-AB93-F8A9366C9D36}.Debug|Any CPU.Build.0 = Debug|Any CPU
		{C6929EE1-1A84-42EC-AB93-F8A9366C9D36}.Release|Any CPU.ActiveCfg = Release|Any CPU
		{C6929EE1-1A84-42EC-AB93-F8A9366C9D36}.Release|Any CPU.Build.0 = Release|Any CPU
		{670D0824-E447-4C30-AD5E-F05E929FD20B}.Debug|Any CPU.ActiveCfg = Debug|Any CPU
		{670D0824-E447-4C30-AD5E-F05E929FD20B}.Debug|Any CPU.Build.0 = Debug|Any CPU
		{670D0824-E447-4C30-AD5E-F05E929FD20B}.Release|Any CPU.ActiveCfg = Release|Any CPU
		{670D0824-E447-4C30-AD5E-F05E929FD20B}.Release|Any CPU.Build.0 = Release|Any CPU
	EndGlobalSection
	GlobalSection(SolutionProperties) = preSolution
		HideSolutionNode = FALSE
	EndGlobalSection
	GlobalSection(ExtensibilityGlobals) = postSolution
		SolutionGuid = {91A836CA-EBDD-4691-A6CE-8084368F7659}
	EndGlobalSection
EndGlobal
